
Microsoft Visual Studio Solution File, Format Version 12.00
Project("{FAE04EC0-301F-11D3-BF4B-00C04F79EFBC}") = "XXChaCha20Poly1305SivDotNet", "XXChaCha20Poly1305SivDotNet\XXChaCha20Poly1305SivDotNet.csproj", "{24AB1FEA-7CD1-4448-A6F9-272409EBB520}"
EndProject
Project("{FAE04EC0-301F-11D3-BF4B-00C04F79EFBC}") = "XXChaCha20Poly1305SivDotNet.Tests", "XXChaCha20Poly1305SivDotNet.Tests\XXChaCha20Poly1305SivDotNet.Tests.csproj", "{331F58B2-ADDD-45B6-A915-18EC866748EC}"
EndProject
Global
	GlobalSection(SolutionConfigurationPlatforms) = preSolution
		Debug|Any CPU = Debug|Any CPU
		Release|Any CPU = Release|Any CPU
	EndGlobalSection
	GlobalSection(ProjectConfigurationPlatforms) = postSolution
		{24AB1FEA-7CD1-4448-A6F9-272409EBB520}.Debug|Any CPU.ActiveCfg = Debug|Any CPU
		{24AB1FEA-7CD1-4448-A6F9-272409EBB520}.Debug|Any CPU.Build.0 = Debug|Any CPU
		{24AB1FEA-7CD1-4448-A6F9-272409EBB520}.Release|Any CPU.ActiveCfg = Release|Any CPU
		{24AB1FEA-7CD1-4448-A6F9-272409EBB520}.Release|Any CPU.Build.0 = Release|Any CPU
		{331F58B2-ADDD-45B6-A915-18EC866748EC}.Debug|Any CPU.ActiveCfg = Debug|Any CPU
		{331F58B2-ADDD-45B6-A915-18EC866748EC}.Debug|Any CPU.Build.0 = Debug|Any CPU
		{331F58B2-ADDD-45B6-A915-18EC866748EC}.Release|Any CPU.ActiveCfg = Release|Any CPU
		{331F58B2-ADDD-45B6-A915-18EC866748EC}.Release|Any CPU.Build.0 = Release|Any CPU
	EndGlobalSection
EndGlobal
